// !$*UTF8*$!
{
	archiveVersion = 1;
	classes = {
	};
	objectVersion = 48;
	objects = {

/* Begin PBXBuildFile section */
		8848109C1FB76736000BA2F3 /* OnboardingInteractor.swift in Sources */ = {isa = PBXBuildFile; fileRef = 8848109B1FB76736000BA2F3 /* OnboardingInteractor.swift */; };
		8848109E1FB7691E000BA2F3 /* UIColor.swift in Sources */ = {isa = PBXBuildFile; fileRef = 8848109D1FB7691E000BA2F3 /* UIColor.swift */; };
		8852B43E1FB70B87000EF8D3 /* AppDelegate.swift in Sources */ = {isa = PBXBuildFile; fileRef = 8852B43D1FB70B87000EF8D3 /* AppDelegate.swift */; };
		8852B4401FB70B87000EF8D3 /* LoginViewController.swift in Sources */ = {isa = PBXBuildFile; fileRef = 8852B43F1FB70B87000EF8D3 /* LoginViewController.swift */; };
		8852B4451FB70B87000EF8D3 /* Assets.xcassets in Resources */ = {isa = PBXBuildFile; fileRef = 8852B4441FB70B87000EF8D3 /* Assets.xcassets */; };
		8852B4481FB70B87000EF8D3 /* LaunchScreen.storyboard in Resources */ = {isa = PBXBuildFile; fileRef = 8852B4461FB70B87000EF8D3 /* LaunchScreen.storyboard */; };
		8852B4541FB711BA000EF8D3 /* LoginInteractor.swift in Sources */ = {isa = PBXBuildFile; fileRef = 8852B4531FB711BA000EF8D3 /* LoginInteractor.swift */; };
		8852B4571FB713BF000EF8D3 /* MapViewController.swift in Sources */ = {isa = PBXBuildFile; fileRef = 8852B4561FB713BF000EF8D3 /* MapViewController.swift */; };
		8852B4591FB7141F000EF8D3 /* AppCoordinator.swift in Sources */ = {isa = PBXBuildFile; fileRef = 8852B4581FB7141F000EF8D3 /* AppCoordinator.swift */; };
		8852B45C1FB76524000EF8D3 /* OnboardingViewController.swift in Sources */ = {isa = PBXBuildFile; fileRef = 8852B45B1FB76524000EF8D3 /* OnboardingViewController.swift */; };
		88A9324D1FC1C7040002B05C /* FauxLaunchScreen.swift in Sources */ = {isa = PBXBuildFile; fileRef = 88A9324C1FC1C7040002B05C /* FauxLaunchScreen.swift */; };
		88A932521FC1CB730002B05C /* OnboardingCoordinator.swift in Sources */ = {isa = PBXBuildFile; fileRef = 88A932511FC1CB730002B05C /* OnboardingCoordinator.swift */; };
		88A932541FC1EB6E0002B05C /* LoginCoordinator.swift in Sources */ = {isa = PBXBuildFile; fileRef = 88A932531FC1EB6E0002B05C /* LoginCoordinator.swift */; };
		88A9325B1FC20BBE0002B05C /* SignupCoordinator.swift in Sources */ = {isa = PBXBuildFile; fileRef = 88A9325A1FC20BBE0002B05C /* SignupCoordinator.swift */; };
		88A932601FC20F130002B05C /* SignupCredentialsCoordinator.swift in Sources */ = {isa = PBXBuildFile; fileRef = 88A9325F1FC20F130002B05C /* SignupCredentialsCoordinator.swift */; };
		88A932621FC20F5F0002B05C /* SignupCredentialsViewController.swift in Sources */ = {isa = PBXBuildFile; fileRef = 88A932611FC20F5F0002B05C /* SignupCredentialsViewController.swift */; };
		88A932641FC212640002B05C /* SignupCredentialsInteractor.swift in Sources */ = {isa = PBXBuildFile; fileRef = 88A932631FC212640002B05C /* SignupCredentialsInteractor.swift */; };
		88A932671FC216050002B05C /* SignupPaymentCoordinator.swift in Sources */ = {isa = PBXBuildFile; fileRef = 88A932661FC216050002B05C /* SignupPaymentCoordinator.swift */; };
		88A932691FC2169C0002B05C /* SignupPaymentInteractor.swift in Sources */ = {isa = PBXBuildFile; fileRef = 88A932681FC2169C0002B05C /* SignupPaymentInteractor.swift */; };
		88A9326B1FC216A50002B05C /* SignupPaymentViewController.swift in Sources */ = {isa = PBXBuildFile; fileRef = 88A9326A1FC216A50002B05C /* SignupPaymentViewController.swift */; };
		88A9326E1FC21D390002B05C /* ConfirmEmailReminderCoordinator.swift in Sources */ = {isa = PBXBuildFile; fileRef = 88A9326D1FC21D390002B05C /* ConfirmEmailReminderCoordinator.swift */; };
/* End PBXBuildFile section */

/* Begin PBXFileReference section */
		8848109B1FB76736000BA2F3 /* OnboardingInteractor.swift */ = {isa = PBXFileReference; lastKnownFileType = sourcecode.swift; path = OnboardingInteractor.swift; sourceTree = "<group>"; };
		8848109D1FB7691E000BA2F3 /* UIColor.swift */ = {isa = PBXFileReference; lastKnownFileType = sourcecode.swift; path = UIColor.swift; sourceTree = "<group>"; };
		8852B43A1FB70B87000EF8D3 /* CleanRouting.app */ = {isa = PBXFileReference; explicitFileType = wrapper.application; includeInIndex = 0; path = CleanRouting.app; sourceTree = BUILT_PRODUCTS_DIR; };
		8852B43D1FB70B87000EF8D3 /* AppDelegate.swift */ = {isa = PBXFileReference; lastKnownFileType = sourcecode.swift; path = AppDelegate.swift; sourceTree = "<group>"; };
		8852B43F1FB70B87000EF8D3 /* LoginViewController.swift */ = {isa = PBXFileReference; lastKnownFileType = sourcecode.swift; path = LoginViewController.swift; sourceTree = "<group>"; };
		8852B4441FB70B87000EF8D3 /* Assets.xcassets */ = {isa = PBXFileReference; lastKnownFileType = folder.assetcatalog; path = Assets.xcassets; sourceTree = "<group>"; };
		8852B4471FB70B87000EF8D3 /* Base */ = {isa = PBXFileReference; lastKnownFileType = file.storyboard; name = Base; path = Base.lproj/LaunchScreen.storyboard; sourceTree = "<group>"; };
		8852B4491FB70B87000EF8D3 /* Info.plist */ = {isa = PBXFileReference; lastKnownFileType = text.plist.xml; path = Info.plist; sourceTree = "<group>"; };
		8852B4531FB711BA000EF8D3 /* LoginInteractor.swift */ = {isa = PBXFileReference; lastKnownFileType = sourcecode.swift; path = LoginInteractor.swift; sourceTree = "<group>"; };
		8852B4561FB713BF000EF8D3 /* MapViewController.swift */ = {isa = PBXFileReference; lastKnownFileType = sourcecode.swift; path = MapViewController.swift; sourceTree = "<group>"; };
		8852B4581FB7141F000EF8D3 /* AppCoordinator.swift */ = {isa = PBXFileReference; lastKnownFileType = sourcecode.swift; path = AppCoordinator.swift; sourceTree = "<group>"; };
		8852B45B1FB76524000EF8D3 /* OnboardingViewController.swift */ = {isa = PBXFileReference; lastKnownFileType = sourcecode.swift; path = OnboardingViewController.swift; sourceTree = "<group>"; };
		88A9324C1FC1C7040002B05C /* FauxLaunchScreen.swift */ = {isa = PBXFileReference; lastKnownFileType = sourcecode.swift; path = FauxLaunchScreen.swift; sourceTree = "<group>"; };
		88A932511FC1CB730002B05C /* OnboardingCoordinator.swift */ = {isa = PBXFileReference; lastKnownFileType = sourcecode.swift; path = OnboardingCoordinator.swift; sourceTree = "<group>"; };
		88A932531FC1EB6E0002B05C /* LoginCoordinator.swift */ = {isa = PBXFileReference; lastKnownFileType = sourcecode.swift; path = LoginCoordinator.swift; sourceTree = "<group>"; };
		88A9325A1FC20BBE0002B05C /* SignupCoordinator.swift */ = {isa = PBXFileReference; lastKnownFileType = sourcecode.swift; path = SignupCoordinator.swift; sourceTree = "<group>"; };
		88A9325F1FC20F130002B05C /* SignupCredentialsCoordinator.swift */ = {isa = PBXFileReference; lastKnownFileType = sourcecode.swift; path = SignupCredentialsCoordinator.swift; sourceTree = "<group>"; };
		88A932611FC20F5F0002B05C /* SignupCredentialsViewController.swift */ = {isa = PBXFileReference; lastKnownFileType = sourcecode.swift; path = SignupCredentialsViewController.swift; sourceTree = "<group>"; };
		88A932631FC212640002B05C /* SignupCredentialsInteractor.swift */ = {isa = PBXFileReference; lastKnownFileType = sourcecode.swift; path = SignupCredentialsInteractor.swift; sourceTree = "<group>"; };
		88A932661FC216050002B05C /* SignupPaymentCoordinator.swift */ = {isa = PBXFileReference; lastKnownFileType = sourcecode.swift; path = SignupPaymentCoordinator.swift; sourceTree = "<group>"; };
		88A932681FC2169C0002B05C /* SignupPaymentInteractor.swift */ = {isa = PBXFileReference; lastKnownFileType = sourcecode.swift; path = SignupPaymentInteractor.swift; sourceTree = "<group>"; };
		88A9326A1FC216A50002B05C /* SignupPaymentViewController.swift */ = {isa = PBXFileReference; lastKnownFileType = sourcecode.swift; path = SignupPaymentViewController.swift; sourceTree = "<group>"; };
		88A9326D1FC21D390002B05C /* ConfirmEmailReminderCoordinator.swift */ = {isa = PBXFileReference; lastKnownFileType = sourcecode.swift; path = ConfirmEmailReminderCoordinator.swift; sourceTree = "<group>"; };
/* End PBXFileReference section */

/* Begin PBXFrameworksBuildPhase section */
		8852B4371FB70B87000EF8D3 /* Frameworks */ = {
			isa = PBXFrameworksBuildPhase;
			buildActionMask = 2147483647;
			files = (
			);
			runOnlyForDeploymentPostprocessing = 0;
		};
/* End PBXFrameworksBuildPhase section */

/* Begin PBXGroup section */
		8848109F1FB76922000BA2F3 /* Extensions */ = {
			isa = PBXGroup;
			children = (
				8848109D1FB7691E000BA2F3 /* UIColor.swift */,
			);
			path = Extensions;
			sourceTree = "<group>";
		};
		8852B4311FB70B87000EF8D3 = {
			isa = PBXGroup;
			children = (
				8852B43C1FB70B87000EF8D3 /* CleanRouting */,
				8852B43B1FB70B87000EF8D3 /* Products */,
			);
			sourceTree = "<group>";
		};
		8852B43B1FB70B87000EF8D3 /* Products */ = {
			isa = PBXGroup;
			children = (
				8852B43A1FB70B87000EF8D3 /* CleanRouting.app */,
			);
			name = Products;
			sourceTree = "<group>";
		};
		8852B43C1FB70B87000EF8D3 /* CleanRouting */ = {
			isa = PBXGroup;
			children = (
				8852B43D1FB70B87000EF8D3 /* AppDelegate.swift */,
				8852B4581FB7141F000EF8D3 /* AppCoordinator.swift */,
				8852B4521FB710D1000EF8D3 /* Modules */,
				88A932571FC1F5160002B05C /* Utilities */,
				8848109F1FB76922000BA2F3 /* Extensions */,
				88A932581FC1F54B0002B05C /* Supporting Files */,
			);
			path = CleanRouting;
			sourceTree = "<group>";
		};
		8852B4511FB710C6000EF8D3 /* Login */ = {
			isa = PBXGroup;
			children = (
				88A932531FC1EB6E0002B05C /* LoginCoordinator.swift */,
				8852B4531FB711BA000EF8D3 /* LoginInteractor.swift */,
				8852B43F1FB70B87000EF8D3 /* LoginViewController.swift */,
			);
			path = Login;
			sourceTree = "<group>";
		};
		8852B4521FB710D1000EF8D3 /* Modules */ = {
			isa = PBXGroup;
			children = (
				8852B45A1FB76516000EF8D3 /* Onboarding */,
				88A932591FC20B950002B05C /* Signup */,
				88A9325E1FC20EE40002B05C /* SignupCredentials */,
				88A932651FC215EA0002B05C /* SignupPayment */,
				88A9326C1FC21D000002B05C /* ConfirmEmailReminder */,
				8852B4511FB710C6000EF8D3 /* Login */,
				8852B4551FB713AA000EF8D3 /* Map */,
			);
			path = Modules;
			sourceTree = "<group>";
		};
		8852B4551FB713AA000EF8D3 /* Map */ = {
			isa = PBXGroup;
			children = (
				8852B4561FB713BF000EF8D3 /* MapViewController.swift */,
			);
			path = Map;
			sourceTree = "<group>";
		};
		8852B45A1FB76516000EF8D3 /* Onboarding */ = {
			isa = PBXGroup;
			children = (
				88A932511FC1CB730002B05C /* OnboardingCoordinator.swift */,
				8848109B1FB76736000BA2F3 /* OnboardingInteractor.swift */,
				8852B45B1FB76524000EF8D3 /* OnboardingViewController.swift */,
			);
			path = Onboarding;
			sourceTree = "<group>";
		};
		88A932571FC1F5160002B05C /* Utilities */ = {
			isa = PBXGroup;
			children = (
				88A9324C1FC1C7040002B05C /* FauxLaunchScreen.swift */,
			);
			path = Utilities;
			sourceTree = "<group>";
		};
		88A932581FC1F54B0002B05C /* Supporting Files */ = {
			isa = PBXGroup;
			children = (
				8852B4441FB70B87000EF8D3 /* Assets.xcassets */,
				8852B4461FB70B87000EF8D3 /* LaunchScreen.storyboard */,
				8852B4491FB70B87000EF8D3 /* Info.plist */,
			);
			name = "Supporting Files";
			sourceTree = "<group>";
		};
		88A932591FC20B950002B05C /* Signup */ = {
			isa = PBXGroup;
			children = (
				88A9325A1FC20BBE0002B05C /* SignupCoordinator.swift */,
			);
			path = Signup;
			sourceTree = "<group>";
		};
		88A9325E1FC20EE40002B05C /* SignupCredentials */ = {
			isa = PBXGroup;
			children = (
				88A9325F1FC20F130002B05C /* SignupCredentialsCoordinator.swift */,
				88A932631FC212640002B05C /* SignupCredentialsInteractor.swift */,
				88A932611FC20F5F0002B05C /* SignupCredentialsViewController.swift */,
			);
			path = SignupCredentials;
			sourceTree = "<group>";
		};
		88A932651FC215EA0002B05C /* SignupPayment */ = {
			isa = PBXGroup;
			children = (
				88A932661FC216050002B05C /* SignupPaymentCoordinator.swift */,
				88A932681FC2169C0002B05C /* SignupPaymentInteractor.swift */,
				88A9326A1FC216A50002B05C /* SignupPaymentViewController.swift */,
			);
			path = SignupPayment;
			sourceTree = "<group>";
		};
		88A9326C1FC21D000002B05C /* ConfirmEmailReminder */ = {
			isa = PBXGroup;
			children = (
				88A9326D1FC21D390002B05C /* ConfirmEmailReminderCoordinator.swift */,
			);
			path = ConfirmEmailReminder;
			sourceTree = "<group>";
		};
/* End PBXGroup section */

/* Begin PBXNativeTarget section */
		8852B4391FB70B87000EF8D3 /* CleanRouting */ = {
			isa = PBXNativeTarget;
			buildConfigurationList = 8852B44C1FB70B87000EF8D3 /* Build configuration list for PBXNativeTarget "CleanRouting" */;
			buildPhases = (
				8852B4361FB70B87000EF8D3 /* Sources */,
				8852B4371FB70B87000EF8D3 /* Frameworks */,
				8852B4381FB70B87000EF8D3 /* Resources */,
			);
			buildRules = (
			);
			dependencies = (
			);
			name = CleanRouting;
			productName = CleanRouting;
			productReference = 8852B43A1FB70B87000EF8D3 /* CleanRouting.app */;
			productType = "com.apple.product-type.application";
		};
/* End PBXNativeTarget section */

/* Begin PBXProject section */
		8852B4321FB70B87000EF8D3 /* Project object */ = {
			isa = PBXProject;
			attributes = {
				LastSwiftUpdateCheck = 0910;
				LastUpgradeCheck = 0910;
				ORGANIZATIONNAME = solidcell;
				TargetAttributes = {
					8852B4391FB70B87000EF8D3 = {
						CreatedOnToolsVersion = 9.1;
						ProvisioningStyle = Automatic;
					};
				};
			};
			buildConfigurationList = 8852B4351FB70B87000EF8D3 /* Build configuration list for PBXProject "CleanRouting" */;
			compatibilityVersion = "Xcode 8.0";
			developmentRegion = en;
			hasScannedForEncodings = 0;
			knownRegions = (
				en,
				Base,
			);
			mainGroup = 8852B4311FB70B87000EF8D3;
			productRefGroup = 8852B43B1FB70B87000EF8D3 /* Products */;
			projectDirPath = "";
			projectRoot = "";
			targets = (
				8852B4391FB70B87000EF8D3 /* CleanRouting */,
			);
		};
/* End PBXProject section */

/* Begin PBXResourcesBuildPhase section */
		8852B4381FB70B87000EF8D3 /* Resources */ = {
			isa = PBXResourcesBuildPhase;
			buildActionMask = 2147483647;
			files = (
				8852B4481FB70B87000EF8D3 /* LaunchScreen.storyboard in Resources */,
				8852B4451FB70B87000EF8D3 /* Assets.xcassets in Resources */,
			);
			runOnlyForDeploymentPostprocessing = 0;
		};
/* End PBXResourcesBuildPhase section */

/* Begin PBXSourcesBuildPhase section */
		8852B4361FB70B87000EF8D3 /* Sources */ = {
			isa = PBXSourcesBuildPhase;
			buildActionMask = 2147483647;
			files = (
				8852B4541FB711BA000EF8D3 /* LoginInteractor.swift in Sources */,
				88A932671FC216050002B05C /* SignupPaymentCoordinator.swift in Sources */,
				8848109C1FB76736000BA2F3 /* OnboardingInteractor.swift in Sources */,
				8852B45C1FB76524000EF8D3 /* OnboardingViewController.swift in Sources */,
				8852B4401FB70B87000EF8D3 /* LoginViewController.swift in Sources */,
				88A9325B1FC20BBE0002B05C /* SignupCoordinator.swift in Sources */,
				88A932601FC20F130002B05C /* SignupCredentialsCoordinator.swift in Sources */,
				88A932541FC1EB6E0002B05C /* LoginCoordinator.swift in Sources */,
				88A9324D1FC1C7040002B05C /* FauxLaunchScreen.swift in Sources */,
				8852B43E1FB70B87000EF8D3 /* AppDelegate.swift in Sources */,
				88A932641FC212640002B05C /* SignupCredentialsInteractor.swift in Sources */,
				88A932621FC20F5F0002B05C /* SignupCredentialsViewController.swift in Sources */,
				8848109E1FB7691E000BA2F3 /* UIColor.swift in Sources */,
				88A932521FC1CB730002B05C /* OnboardingCoordinator.swift in Sources */,
				8852B4571FB713BF000EF8D3 /* MapViewController.swift in Sources */,
				88A9326B1FC216A50002B05C /* SignupPaymentViewController.swift in Sources */,
				88A9326E1FC21D390002B05C /* ConfirmEmailReminderCoordinator.swift in Sources */,
				88A932691FC2169C0002B05C /* SignupPaymentInteractor.swift in Sources */,
				8852B4591FB7141F000EF8D3 /* AppCoordinator.swift in Sources */,
			);
			runOnlyForDeploymentPostprocessing = 0;
		};
/* End PBXSourcesBuildPhase section */

/* Begin PBXVariantGroup section */
		8852B4461FB70B87000EF8D3 /* LaunchScreen.storyboard */ = {
			isa = PBXVariantGroup;
			children = (
				8852B4471FB70B87000EF8D3 /* Base */,
			);
			name = LaunchScreen.storyboard;
			sourceTree = "<group>";
		};
/* End PBXVariantGroup section */

/* Begin XCBuildConfiguration section */
		8852B44A1FB70B87000EF8D3 /* Debug */ = {
			isa = XCBuildConfiguration;
			buildSettings = {
				ALWAYS_SEARCH_USER_PATHS = NO;
				CLANG_ANALYZER_NONNULL = YES;
				CLANG_ANALYZER_NUMBER_OBJECT_CONVERSION = YES_AGGRESSIVE;
				CLANG_CXX_LANGUAGE_STANDARD = "gnu++14";
				CLANG_CXX_LIBRARY = "libc++";
				CLANG_ENABLE_MODULES = YES;
				CLANG_ENABLE_OBJC_ARC = YES;
				CLANG_WARN_BLOCK_CAPTURE_AUTORELEASING = YES;
				CLANG_WARN_BOOL_CONVERSION = YES;
				CLANG_WARN_COMMA = YES;
				CLANG_WARN_CONSTANT_CONVERSION = YES;
				CLANG_WARN_DIRECT_OBJC_ISA_USAGE = YES_ERROR;
				CLANG_WARN_DOCUMENTATION_COMMENTS = YES;
				CLANG_WARN_EMPTY_BODY = YES;
				CLANG_WARN_ENUM_CONVERSION = YES;
				CLANG_WARN_INFINITE_RECURSION = YES;
				CLANG_WARN_INT_CONVERSION = YES;
				CLANG_WARN_NON_LITERAL_NULL_CONVERSION = YES;
				CLANG_WARN_OBJC_LITERAL_CONVERSION = YES;
				CLANG_WARN_OBJC_ROOT_CLASS = YES_ERROR;
				CLANG_WARN_RANGE_LOOP_ANALYSIS = YES;
				CLANG_WARN_STRICT_PROTOTYPES = YES;
				CLANG_WARN_SUSPICIOUS_MOVE = YES;
				CLANG_WARN_UNGUARDED_AVAILABILITY = YES_AGGRESSIVE;
				CLANG_WARN_UNREACHABLE_CODE = YES;
				CLANG_WARN__DUPLICATE_METHOD_MATCH = YES;
				CODE_SIGN_IDENTITY = "iPhone Developer";
				COPY_PHASE_STRIP = NO;
				DEBUG_INFORMATION_FORMAT = dwarf;
				ENABLE_STRICT_OBJC_MSGSEND = YES;
				ENABLE_TESTABILITY = YES;
				GCC_C_LANGUAGE_STANDARD = gnu11;
				GCC_DYNAMIC_NO_PIC = NO;
				GCC_NO_COMMON_BLOCKS = YES;
				GCC_OPTIMIZATION_LEVEL = 0;
				GCC_PREPROCESSOR_DEFINITIONS = (
					"DEBUG=1",
					"$(inherited)",
				);
				GCC_WARN_64_TO_32_BIT_CONVERSION = YES;
				GCC_WARN_ABOUT_RETURN_TYPE = YES_ERROR;
				GCC_WARN_UNDECLARED_SELECTOR = YES;
				GCC_WARN_UNINITIALIZED_AUTOS = YES_AGGRESSIVE;
				GCC_WARN_UNUSED_FUNCTION = YES;
				GCC_WARN_UNUSED_VARIABLE = YES;
				IPHONEOS_DEPLOYMENT_TARGET = 9.0;
				MTL_ENABLE_DEBUG_INFO = YES;
				ONLY_ACTIVE_ARCH = YES;
				SDKROOT = iphoneos;
				SWIFT_ACTIVE_COMPILATION_CONDITIONS = DEBUG;
				SWIFT_OPTIMIZATION_LEVEL = "-Onone";
			};
			name = Debug;
		};
		8852B44B1FB70B87000EF8D3 /* Release */ = {
			isa = XCBuildConfiguration;
			buildSettings = {
				ALWAYS_SEARCH_USER_PATHS = NO;
				CLANG_ANALYZER_NONNULL = YES;
				CLANG_ANALYZER_NUMBER_OBJECT_CONVERSION = YES_AGGRESSIVE;
				CLANG_CXX_LANGUAGE_STANDARD = "gnu++14";
				CLANG_CXX_LIBRARY = "libc++";
				CLANG_ENABLE_MODULES = YES;
				CLANG_ENABLE_OBJC_ARC = YES;
				CLANG_WARN_BLOCK_CAPTURE_AUTORELEASING = YES;
				CLANG_WARN_BOOL_CONVERSION = YES;
				CLANG_WARN_COMMA = YES;
				CLANG_WARN_CONSTANT_CONVERSION = YES;
				CLANG_WARN_DIRECT_OBJC_ISA_USAGE = YES_ERROR;
				CLANG_WARN_DOCUMENTATION_COMMENTS = YES;
				CLANG_WARN_EMPTY_BODY = YES;
				CLANG_WARN_ENUM_CONVERSION = YES;
				CLANG_WARN_INFINITE_RECURSION = YES;
				CLANG_WARN_INT_CONVERSION = YES;
				CLANG_WARN_NON_LITERAL_NULL_CONVERSION = YES;
				CLANG_WARN_OBJC_LITERAL_CONVERSION = YES;
				CLANG_WARN_OBJC_ROOT_CLASS = YES_ERROR;
				CLANG_WARN_RANGE_LOOP_ANALYSIS = YES;
				CLANG_WARN_STRICT_PROTOTYPES = YES;
				CLANG_WARN_SUSPICIOUS_MOVE = YES;
				CLANG_WARN_UNGUARDED_AVAILABILITY = YES_AGGRESSIVE;
				CLANG_WARN_UNREACHABLE_CODE = YES;
				CLANG_WARN__DUPLICATE_METHOD_MATCH = YES;
				CODE_SIGN_IDENTITY = "iPhone Developer";
				COPY_PHASE_STRIP = NO;
				DEBUG_INFORMATION_FORMAT = "dwarf-with-dsym";
				ENABLE_NS_ASSERTIONS = NO;
				ENABLE_STRICT_OBJC_MSGSEND = YES;
				GCC_C_LANGUAGE_STANDARD = gnu11;
				GCC_NO_COMMON_BLOCKS = YES;
				GCC_WARN_64_TO_32_BIT_CONVERSION = YES;
				GCC_WARN_ABOUT_RETURN_TYPE = YES_ERROR;
				GCC_WARN_UNDECLARED_SELECTOR = YES;
				GCC_WARN_UNINITIALIZED_AUTOS = YES_AGGRESSIVE;
				GCC_WARN_UNUSED_FUNCTION = YES;
				GCC_WARN_UNUSED_VARIABLE = YES;
				IPHONEOS_DEPLOYMENT_TARGET = 9.0;
				MTL_ENABLE_DEBUG_INFO = NO;
				SDKROOT = iphoneos;
				SWIFT_OPTIMIZATION_LEVEL = "-Owholemodule";
				VALIDATE_PRODUCT = YES;
			};
			name = Release;
		};
		8852B44D1FB70B87000EF8D3 /* Debug */ = {
			isa = XCBuildConfiguration;
			buildSettings = {
				ASSETCATALOG_COMPILER_APPICON_NAME = AppIcon;
				CODE_SIGN_STYLE = Automatic;
				INFOPLIST_FILE = CleanRouting/Info.plist;
				LD_RUNPATH_SEARCH_PATHS = "$(inherited) @executable_path/Frameworks";
				PRODUCT_BUNDLE_IDENTIFIER = com.solidcell.CleanRouting;
				PRODUCT_NAME = "$(TARGET_NAME)";
				SWIFT_VERSION = 4.0;
				TARGETED_DEVICE_FAMILY = "1,2";
			};
			name = Debug;
		};
		8852B44E1FB70B87000EF8D3 /* Release */ = {
			isa = XCBuildConfiguration;
			buildSettings = {
				ASSETCATALOG_COMPILER_APPICON_NAME = AppIcon;
				CODE_SIGN_STYLE = Automatic;
				INFOPLIST_FILE = CleanRouting/Info.plist;
				LD_RUNPATH_SEARCH_PATHS = "$(inherited) @executable_path/Frameworks";
				PRODUCT_BUNDLE_IDENTIFIER = com.solidcell.CleanRouting;
				PRODUCT_NAME = "$(TARGET_NAME)";
				SWIFT_VERSION = 4.0;
				TARGETED_DEVICE_FAMILY = "1,2";
			};
			name = Release;
		};
/* End XCBuildConfiguration section */

/* Begin XCConfigurationList section */
		8852B4351FB70B87000EF8D3 /* Build configuration list for PBXProject "CleanRouting" */ = {
			isa = XCConfigurationList;
			buildConfigurations = (
				8852B44A1FB70B87000EF8D3 /* Debug */,
				8852B44B1FB70B87000EF8D3 /* Release */,
			);
			defaultConfigurationIsVisible = 0;
			defaultConfigurationName = Release;
		};
		8852B44C1FB70B87000EF8D3 /* Build configuration list for PBXNativeTarget "CleanRouting" */ = {
			isa = XCConfigurationList;
			buildConfigurations = (
				8852B44D1FB70B87000EF8D3 /* Debug */,
				8852B44E1FB70B87000EF8D3 /* Release */,
			);
			defaultConfigurationIsVisible = 0;
			defaultConfigurationName = Release;
		};
/* End XCConfigurationList section */
	};
	rootObject = 8852B4321FB70B87000EF8D3 /* Project object */;
}
